// !$*UTF8*$!
{
	archiveVersion = 1;
	classes = {
	};
	objectVersion = 46;
	objects = {

/* Begin PBXBuildFile section */
		001EC91A1A92AC15007BC6C4 /* DispatchSemaphore.swift in Sources */ = {isa = PBXBuildFile; fileRef = 001EC9191A92AC15007BC6C4 /* DispatchSemaphore.swift */; };
		001EC91E1A92D437007BC6C4 /* THGDispatchSemaphoreTests.swift in Sources */ = {isa = PBXBuildFile; fileRef = 001EC91D1A92D437007BC6C4 /* THGDispatchSemaphoreTests.swift */; };
		220E9EB51B8BE58E000863F6 /* THGFoundation.framework in Frameworks */ = {isa = PBXBuildFile; fileRef = 220E9EAE1B8BE44D000863F6 /* THGFoundation.framework */; };
		2285B18E1B0AA7990088B07B /* THGFoundation.framework in Frameworks */ = {isa = PBXBuildFile; fileRef = 2285B1891B0A9C600088B07B /* THGFoundation.framework */; };
		CA0CEA6F1A8A877200DF93E9 /* THGDispatch.h in Headers */ = {isa = PBXBuildFile; fileRef = CA0CEA6E1A8A877200DF93E9 /* THGDispatch.h */; settings = {ATTRIBUTES = (Public, ); }; };
		CA0CEA7C1A8A877200DF93E9 /* THGDispatchTests.swift in Sources */ = {isa = PBXBuildFile; fileRef = CA0CEA7B1A8A877200DF93E9 /* THGDispatchTests.swift */; };
		CA0CEA861A8A8B0D00DF93E9 /* DispatchQueue.swift in Sources */ = {isa = PBXBuildFile; fileRef = CA0CEA851A8A8B0D00DF93E9 /* DispatchQueue.swift */; };
		CA32AD861A91C5FF002FD1B9 /* DispatchGroup.swift in Sources */ = {isa = PBXBuildFile; fileRef = CA32AD851A91C5FF002FD1B9 /* DispatchGroup.swift */; };
		CA58B25D1A91B08800C4B93E /* DispatchTimer.swift in Sources */ = {isa = PBXBuildFile; fileRef = CA58B25C1A91B08800C4B93E /* DispatchTimer.swift */; };
		CA58B25F1A91B1C000C4B93E /* DispatchClosure.swift in Sources */ = {isa = PBXBuildFile; fileRef = CA58B25E1A91B1C000C4B93E /* DispatchClosure.swift */; };
		CA88043D1A96310D00C00CAE /* XCTestCase+Exceptions.m in Sources */ = {isa = PBXBuildFile; fileRef = CA88043C1A96310D00C00CAE /* XCTestCase+Exceptions.m */; };
		CACF29AE1A9554660084EFAE /* Dispatch.swift in Sources */ = {isa = PBXBuildFile; fileRef = CACF29AD1A9554660084EFAE /* Dispatch.swift */; };
		CACF29FE1A9614930084EFAE /* LICENSE in Resources */ = {isa = PBXBuildFile; fileRef = CACF29FC1A9614930084EFAE /* LICENSE */; };
/* End PBXBuildFile section */

/* Begin PBXContainerItemProxy section */
		220E9EAD1B8BE44D000863F6 /* PBXContainerItemProxy */ = {
			isa = PBXContainerItemProxy;
			containerPortal = 220E9EA61B8BE44D000863F6 /* THGFoundation.xcodeproj */;
			proxyType = 2;
			remoteGlobalIDString = CACF2A0A1A9614D20084EFAE;
			remoteInfo = THGFoundation;
		};
		220E9EAF1B8BE44D000863F6 /* PBXContainerItemProxy */ = {
			isa = PBXContainerItemProxy;
			containerPortal = 220E9EA61B8BE44D000863F6 /* THGFoundation.xcodeproj */;
			proxyType = 2;
			remoteGlobalIDString = CACF2A151A9614D20084EFAE;
			remoteInfo = THGFoundationTests;
		};
		220E9EB11B8BE44D000863F6 /* PBXContainerItemProxy */ = {
			isa = PBXContainerItemProxy;
			containerPortal = 220E9EA61B8BE44D000863F6 /* THGFoundation.xcodeproj */;
			proxyType = 2;
			remoteGlobalIDString = CA8CD55A1B7A9DCA00DA8BF7;
			remoteInfo = THGFoundation_osx;
		};
		220E9EB31B8BE44D000863F6 /* PBXContainerItemProxy */ = {
			isa = PBXContainerItemProxy;
			containerPortal = 220E9EA61B8BE44D000863F6 /* THGFoundation.xcodeproj */;
			proxyType = 2;
			remoteGlobalIDString = CA8CD5631B7A9DCB00DA8BF7;
			remoteInfo = THGFoundation_osxTests;
		};
		CA0CEA761A8A877200DF93E9 /* PBXContainerItemProxy */ = {
			isa = PBXContainerItemProxy;
			containerPortal = CA0CEA601A8A877200DF93E9 /* Project object */;
			proxyType = 1;
			remoteGlobalIDString = CA0CEA681A8A877200DF93E9;
			remoteInfo = THGDispatch;
		};
/* End PBXContainerItemProxy section */

/* Begin PBXFileReference section */
		001EC9191A92AC15007BC6C4 /* DispatchSemaphore.swift */ = {isa = PBXFileReference; fileEncoding = 4; lastKnownFileType = sourcecode.swift; path = DispatchSemaphore.swift; sourceTree = "<group>"; };
		001EC91D1A92D437007BC6C4 /* THGDispatchSemaphoreTests.swift */ = {isa = PBXFileReference; fileEncoding = 4; lastKnownFileType = sourcecode.swift; path = THGDispatchSemaphoreTests.swift; sourceTree = "<group>"; };
		220E9EA61B8BE44D000863F6 /* THGFoundation.xcodeproj */ = {isa = PBXFileReference; lastKnownFileType = "wrapper.pb-project"; name = THGFoundation.xcodeproj; path = ../Excalibur/THGFoundation.xcodeproj; sourceTree = "<group>"; };
		2285B1891B0A9C600088B07B /* THGFoundation.framework */ = {isa = PBXFileReference; lastKnownFileType = wrapper.framework; name = THGFoundation.framework; path = Carthage/Build/iOS/THGFoundation.framework; sourceTree = "<group>"; };
		CA0CEA691A8A877200DF93E9 /* THGDispatch.framework */ = {isa = PBXFileReference; explicitFileType = wrapper.framework; includeInIndex = 0; path = THGDispatch.framework; sourceTree = BUILT_PRODUCTS_DIR; };
		CA0CEA6D1A8A877200DF93E9 /* Info.plist */ = {isa = PBXFileReference; lastKnownFileType = text.plist.xml; path = Info.plist; sourceTree = "<group>"; };
		CA0CEA6E1A8A877200DF93E9 /* THGDispatch.h */ = {isa = PBXFileReference; lastKnownFileType = sourcecode.c.h; path = THGDispatch.h; sourceTree = "<group>"; };
		CA0CEA741A8A877200DF93E9 /* THGDispatchTests.xctest */ = {isa = PBXFileReference; explicitFileType = wrapper.cfbundle; includeInIndex = 0; path = THGDispatchTests.xctest; sourceTree = BUILT_PRODUCTS_DIR; };
		CA0CEA7A1A8A877200DF93E9 /* Info.plist */ = {isa = PBXFileReference; lastKnownFileType = text.plist.xml; path = Info.plist; sourceTree = "<group>"; };
		CA0CEA7B1A8A877200DF93E9 /* THGDispatchTests.swift */ = {isa = PBXFileReference; lastKnownFileType = sourcecode.swift; path = THGDispatchTests.swift; sourceTree = "<group>"; };
		CA0CEA851A8A8B0D00DF93E9 /* DispatchQueue.swift */ = {isa = PBXFileReference; fileEncoding = 4; lastKnownFileType = sourcecode.swift; path = DispatchQueue.swift; sourceTree = "<group>"; };
		CA32AD851A91C5FF002FD1B9 /* DispatchGroup.swift */ = {isa = PBXFileReference; fileEncoding = 4; lastKnownFileType = sourcecode.swift; path = DispatchGroup.swift; sourceTree = "<group>"; };
		CA58B25C1A91B08800C4B93E /* DispatchTimer.swift */ = {isa = PBXFileReference; fileEncoding = 4; lastKnownFileType = sourcecode.swift; path = DispatchTimer.swift; sourceTree = "<group>"; };
		CA58B25E1A91B1C000C4B93E /* DispatchClosure.swift */ = {isa = PBXFileReference; fileEncoding = 4; lastKnownFileType = sourcecode.swift; path = DispatchClosure.swift; sourceTree = "<group>"; };
		CA88043A1A96310D00C00CAE /* THGDispatchTests-Bridging-Header.h */ = {isa = PBXFileReference; lastKnownFileType = sourcecode.c.h; path = "THGDispatchTests-Bridging-Header.h"; sourceTree = "<group>"; };
		CA88043B1A96310D00C00CAE /* XCTestCase+Exceptions.h */ = {isa = PBXFileReference; fileEncoding = 4; lastKnownFileType = sourcecode.c.h; name = "XCTestCase+Exceptions.h"; path = "../../Excalibur/THGFoundation/TestExtensions/XCTestCase+Exceptions.h"; sourceTree = "<group>"; };
		CA88043C1A96310D00C00CAE /* XCTestCase+Exceptions.m */ = {isa = PBXFileReference; fileEncoding = 4; lastKnownFileType = sourcecode.c.objc; name = "XCTestCase+Exceptions.m"; path = "../../Excalibur/THGFoundation/TestExtensions/XCTestCase+Exceptions.m"; sourceTree = "<group>"; };
		CACF29AD1A9554660084EFAE /* Dispatch.swift */ = {isa = PBXFileReference; fileEncoding = 4; lastKnownFileType = sourcecode.swift; path = Dispatch.swift; sourceTree = "<group>"; };
		CACF29FC1A9614930084EFAE /* LICENSE */ = {isa = PBXFileReference; fileEncoding = 4; lastKnownFileType = text; path = LICENSE; sourceTree = "<group>"; };
		CACF29FD1A9614930084EFAE /* README.md */ = {isa = PBXFileReference; fileEncoding = 4; lastKnownFileType = net.daringfireball.markdown; path = README.md; sourceTree = "<group>"; };
/* End PBXFileReference section */

/* Begin PBXFrameworksBuildPhase section */
		CA0CEA651A8A877200DF93E9 /* Frameworks */ = {
			isa = PBXFrameworksBuildPhase;
			buildActionMask = 2147483647;
			files = (
				220E9EB51B8BE58E000863F6 /* THGFoundation.framework in Frameworks */,
			);
			runOnlyForDeploymentPostprocessing = 0;
		};
		CA0CEA711A8A877200DF93E9 /* Frameworks */ = {
			isa = PBXFrameworksBuildPhase;
			buildActionMask = 2147483647;
			files = (
				2285B18E1B0AA7990088B07B /* THGFoundation.framework in Frameworks */,
			);
			runOnlyForDeploymentPostprocessing = 0;
		};
/* End PBXFrameworksBuildPhase section */

/* Begin PBXGroup section */
		220E9EA51B8BE43D000863F6 /* Modules */ = {
			isa = PBXGroup;
			children = (
				220E9EA61B8BE44D000863F6 /* THGFoundation.xcodeproj */,
			);
			name = Modules;
			sourceTree = "<group>";
		};
		220E9EA71B8BE44D000863F6 /* Products */ = {
			isa = PBXGroup;
			children = (
				220E9EAE1B8BE44D000863F6 /* THGFoundation.framework */,
				220E9EB01B8BE44D000863F6 /* THGFoundationTests.xctest */,
				220E9EB21B8BE44D000863F6 /* THGFoundation.framework */,
				220E9EB41B8BE44D000863F6 /* THGFoundation_osxTests.xctest */,
			);
			name = Products;
			sourceTree = "<group>";
		};
		2285B18C1B0A9CFD0088B07B /* Frameworks */ = {
			isa = PBXGroup;
			children = (
				2285B1891B0A9C600088B07B /* THGFoundation.framework */,
			);
			name = Frameworks;
			sourceTree = "<group>";
		};
		CA0CEA5F1A8A877200DF93E9 = {
			isa = PBXGroup;
			children = (
				220E9EA51B8BE43D000863F6 /* Modules */,
				2285B18C1B0A9CFD0088B07B /* Frameworks */,
				CACF29FC1A9614930084EFAE /* LICENSE */,
				CACF29FD1A9614930084EFAE /* README.md */,
				CA0CEA6B1A8A877200DF93E9 /* THGDispatch */,
				CA0CEA781A8A877200DF93E9 /* THGDispatchTests */,
				CA0CEA6A1A8A877200DF93E9 /* Products */,
			);
			sourceTree = "<group>";
		};
		CA0CEA6A1A8A877200DF93E9 /* Products */ = {
			isa = PBXGroup;
			children = (
				CA0CEA691A8A877200DF93E9 /* THGDispatch.framework */,
				CA0CEA741A8A877200DF93E9 /* THGDispatchTests.xctest */,
			);
			name = Products;
			sourceTree = "<group>";
		};
		CA0CEA6B1A8A877200DF93E9 /* THGDispatch */ = {
			isa = PBXGroup;
			children = (
				CA0CEA6E1A8A877200DF93E9 /* THGDispatch.h */,
				CACF29AD1A9554660084EFAE /* Dispatch.swift */,
				CA0CEA851A8A8B0D00DF93E9 /* DispatchQueue.swift */,
				CA58B25E1A91B1C000C4B93E /* DispatchClosure.swift */,
				CA32AD851A91C5FF002FD1B9 /* DispatchGroup.swift */,
				CA58B25C1A91B08800C4B93E /* DispatchTimer.swift */,
				001EC9191A92AC15007BC6C4 /* DispatchSemaphore.swift */,
				CA0CEA6C1A8A877200DF93E9 /* Supporting Files */,
			);
			path = THGDispatch;
			sourceTree = "<group>";
		};
		CA0CEA6C1A8A877200DF93E9 /* Supporting Files */ = {
			isa = PBXGroup;
			children = (
				CA0CEA6D1A8A877200DF93E9 /* Info.plist */,
			);
			name = "Supporting Files";
			sourceTree = "<group>";
		};
		CA0CEA781A8A877200DF93E9 /* THGDispatchTests */ = {
			isa = PBXGroup;
			children = (
				CA8804341A96309700C00CAE /* XCTestExtensions */,
				CA0CEA7B1A8A877200DF93E9 /* THGDispatchTests.swift */,
				001EC91D1A92D437007BC6C4 /* THGDispatchSemaphoreTests.swift */,
				CA0CEA791A8A877200DF93E9 /* Supporting Files */,
			);
			path = THGDispatchTests;
			sourceTree = "<group>";
		};
		CA0CEA791A8A877200DF93E9 /* Supporting Files */ = {
			isa = PBXGroup;
			children = (
				CA0CEA7A1A8A877200DF93E9 /* Info.plist */,
			);
			name = "Supporting Files";
			sourceTree = "<group>";
		};
		CA8804341A96309700C00CAE /* XCTestExtensions */ = {
			isa = PBXGroup;
			children = (
				CA88043B1A96310D00C00CAE /* XCTestCase+Exceptions.h */,
				CA88043C1A96310D00C00CAE /* XCTestCase+Exceptions.m */,
				CA88043A1A96310D00C00CAE /* THGDispatchTests-Bridging-Header.h */,
			);
			name = XCTestExtensions;
			sourceTree = "<group>";
		};
/* End PBXGroup section */

/* Begin PBXHeadersBuildPhase section */
		CA0CEA661A8A877200DF93E9 /* Headers */ = {
			isa = PBXHeadersBuildPhase;
			buildActionMask = 2147483647;
			files = (
				CA0CEA6F1A8A877200DF93E9 /* THGDispatch.h in Headers */,
			);
			runOnlyForDeploymentPostprocessing = 0;
		};
/* End PBXHeadersBuildPhase section */

/* Begin PBXNativeTarget section */
		CA0CEA681A8A877200DF93E9 /* THGDispatch */ = {
			isa = PBXNativeTarget;
			buildConfigurationList = CA0CEA7F1A8A877200DF93E9 /* Build configuration list for PBXNativeTarget "THGDispatch" */;
			buildPhases = (
				CA0CEA641A8A877200DF93E9 /* Sources */,
				CA0CEA651A8A877200DF93E9 /* Frameworks */,
				CA0CEA661A8A877200DF93E9 /* Headers */,
				CA0CEA671A8A877200DF93E9 /* Resources */,
			);
			buildRules = (
			);
			dependencies = (
			);
			name = THGDispatch;
			productName = THGDispatch;
			productReference = CA0CEA691A8A877200DF93E9 /* THGDispatch.framework */;
			productType = "com.apple.product-type.framework";
		};
		CA0CEA731A8A877200DF93E9 /* THGDispatchTests */ = {
			isa = PBXNativeTarget;
			buildConfigurationList = CA0CEA821A8A877200DF93E9 /* Build configuration list for PBXNativeTarget "THGDispatchTests" */;
			buildPhases = (
				CA0CEA701A8A877200DF93E9 /* Sources */,
				CA0CEA711A8A877200DF93E9 /* Frameworks */,
				CA0CEA721A8A877200DF93E9 /* Resources */,
			);
			buildRules = (
			);
			dependencies = (
				CA0CEA771A8A877200DF93E9 /* PBXTargetDependency */,
			);
			name = THGDispatchTests;
			productName = THGDispatchTests;
			productReference = CA0CEA741A8A877200DF93E9 /* THGDispatchTests.xctest */;
			productType = "com.apple.product-type.bundle.unit-test";
		};
/* End PBXNativeTarget section */

/* Begin PBXProject section */
		CA0CEA601A8A877200DF93E9 /* Project object */ = {
			isa = PBXProject;
			attributes = {
				LastSwiftMigration = 0700;
				LastSwiftUpdateCheck = 0700;
				LastUpgradeCheck = 0700;
				ORGANIZATIONNAME = TheHolyGrail;
				TargetAttributes = {
					CA0CEA681A8A877200DF93E9 = {
						CreatedOnToolsVersion = 6.3;
					};
					CA0CEA731A8A877200DF93E9 = {
						CreatedOnToolsVersion = 6.3;
					};
				};
			};
			buildConfigurationList = CA0CEA631A8A877200DF93E9 /* Build configuration list for PBXProject "THGDispatch" */;
			compatibilityVersion = "Xcode 3.2";
			developmentRegion = English;
			hasScannedForEncodings = 0;
			knownRegions = (
				en,
			);
			mainGroup = CA0CEA5F1A8A877200DF93E9;
			productRefGroup = CA0CEA6A1A8A877200DF93E9 /* Products */;
			projectDirPath = "";
			projectReferences = (
				{
					ProductGroup = 220E9EA71B8BE44D000863F6 /* Products */;
					ProjectRef = 220E9EA61B8BE44D000863F6 /* THGFoundation.xcodeproj */;
				},
			);
			projectRoot = "";
			targets = (
				CA0CEA681A8A877200DF93E9 /* THGDispatch */,
				CA0CEA731A8A877200DF93E9 /* THGDispatchTests */,
			);
		};
/* End PBXProject section */

/* Begin PBXReferenceProxy section */
		220E9EAE1B8BE44D000863F6 /* THGFoundation.framework */ = {
			isa = PBXReferenceProxy;
			fileType = wrapper.framework;
			path = THGFoundation.framework;
			remoteRef = 220E9EAD1B8BE44D000863F6 /* PBXContainerItemProxy */;
			sourceTree = BUILT_PRODUCTS_DIR;
		};
		220E9EB01B8BE44D000863F6 /* THGFoundationTests.xctest */ = {
			isa = PBXReferenceProxy;
			fileType = wrapper.cfbundle;
			path = THGFoundationTests.xctest;
			remoteRef = 220E9EAF1B8BE44D000863F6 /* PBXContainerItemProxy */;
			sourceTree = BUILT_PRODUCTS_DIR;
		};
		220E9EB21B8BE44D000863F6 /* THGFoundation.framework */ = {
			isa = PBXReferenceProxy;
			fileType = wrapper.framework;
			path = THGFoundation.framework;
			remoteRef = 220E9EB11B8BE44D000863F6 /* PBXContainerItemProxy */;
			sourceTree = BUILT_PRODUCTS_DIR;
		};
		220E9EB41B8BE44D000863F6 /* THGFoundation_osxTests.xctest */ = {
			isa = PBXReferenceProxy;
			fileType = wrapper.cfbundle;
			path = THGFoundation_osxTests.xctest;
			remoteRef = 220E9EB31B8BE44D000863F6 /* PBXContainerItemProxy */;
			sourceTree = BUILT_PRODUCTS_DIR;
		};
/* End PBXReferenceProxy section */

/* Begin PBXResourcesBuildPhase section */
		CA0CEA671A8A877200DF93E9 /* Resources */ = {
			isa = PBXResourcesBuildPhase;
			buildActionMask = 2147483647;
			files = (
				CACF29FE1A9614930084EFAE /* LICENSE in Resources */,
			);
			runOnlyForDeploymentPostprocessing = 0;
		};
		CA0CEA721A8A877200DF93E9 /* Resources */ = {
			isa = PBXResourcesBuildPhase;
			buildActionMask = 2147483647;
			files = (
			);
			runOnlyForDeploymentPostprocessing = 0;
		};
/* End PBXResourcesBuildPhase section */

/* Begin PBXSourcesBuildPhase section */
		CA0CEA641A8A877200DF93E9 /* Sources */ = {
			isa = PBXSourcesBuildPhase;
			buildActionMask = 2147483647;
			files = (
				001EC91A1A92AC15007BC6C4 /* DispatchSemaphore.swift in Sources */,
				CA0CEA861A8A8B0D00DF93E9 /* DispatchQueue.swift in Sources */,
				CA58B25D1A91B08800C4B93E /* DispatchTimer.swift in Sources */,
				CA58B25F1A91B1C000C4B93E /* DispatchClosure.swift in Sources */,
				CA32AD861A91C5FF002FD1B9 /* DispatchGroup.swift in Sources */,
				CACF29AE1A9554660084EFAE /* Dispatch.swift in Sources */,
			);
			runOnlyForDeploymentPostprocessing = 0;
		};
		CA0CEA701A8A877200DF93E9 /* Sources */ = {
			isa = PBXSourcesBuildPhase;
			buildActionMask = 2147483647;
			files = (
				001EC91E1A92D437007BC6C4 /* THGDispatchSemaphoreTests.swift in Sources */,
				CA88043D1A96310D00C00CAE /* XCTestCase+Exceptions.m in Sources */,
				CA0CEA7C1A8A877200DF93E9 /* THGDispatchTests.swift in Sources */,
			);
			runOnlyForDeploymentPostprocessing = 0;
		};
/* End PBXSourcesBuildPhase section */

/* Begin PBXTargetDependency section */
		CA0CEA771A8A877200DF93E9 /* PBXTargetDependency */ = {
			isa = PBXTargetDependency;
			target = CA0CEA681A8A877200DF93E9 /* THGDispatch */;
			targetProxy = CA0CEA761A8A877200DF93E9 /* PBXContainerItemProxy */;
		};
/* End PBXTargetDependency section */

/* Begin XCBuildConfiguration section */
		20DC78681BFEA207004AF8C8 /* QADeployment */ = {
			isa = XCBuildConfiguration;
			buildSettings = {
				ALWAYS_SEARCH_USER_PATHS = NO;
				CLANG_CXX_LANGUAGE_STANDARD = "gnu++0x";
				CLANG_CXX_LIBRARY = "libc++";
				CLANG_ENABLE_MODULES = YES;
				CLANG_ENABLE_OBJC_ARC = YES;
				CLANG_WARN_BOOL_CONVERSION = YES;
				CLANG_WARN_CONSTANT_CONVERSION = YES;
				CLANG_WARN_DIRECT_OBJC_ISA_USAGE = YES_ERROR;
				CLANG_WARN_EMPTY_BODY = YES;
				CLANG_WARN_ENUM_CONVERSION = YES;
				CLANG_WARN_INT_CONVERSION = YES;
				CLANG_WARN_OBJC_ROOT_CLASS = YES_ERROR;
				CLANG_WARN_UNREACHABLE_CODE = YES;
				CLANG_WARN__DUPLICATE_METHOD_MATCH = YES;
				"CODE_SIGN_IDENTITY[sdk=iphoneos*]" = "iPhone Developer";
				COPY_PHASE_STRIP = NO;
				CURRENT_PROJECT_VERSION = 1;
				DEBUG_INFORMATION_FORMAT = dwarf;
				ENABLE_STRICT_OBJC_MSGSEND = YES;
				ENABLE_TESTABILITY = YES;
				GCC_C_LANGUAGE_STANDARD = gnu99;
				GCC_DYNAMIC_NO_PIC = NO;
				GCC_OPTIMIZATION_LEVEL = 0;
				GCC_PREPROCESSOR_DEFINITIONS = (
					"DEBUG=1",
					"$(inherited)",
				);
				GCC_SYMBOLS_PRIVATE_EXTERN = NO;
				GCC_WARN_64_TO_32_BIT_CONVERSION = YES;
				GCC_WARN_ABOUT_RETURN_TYPE = YES_ERROR;
				GCC_WARN_UNDECLARED_SELECTOR = YES;
				GCC_WARN_UNINITIALIZED_AUTOS = YES_AGGRESSIVE;
				GCC_WARN_UNUSED_FUNCTION = YES;
				GCC_WARN_UNUSED_VARIABLE = YES;
				IPHONEOS_DEPLOYMENT_TARGET = 8.0;
				MTL_ENABLE_DEBUG_INFO = YES;
				ONLY_ACTIVE_ARCH = NO;
				SDKROOT = iphoneos;
				SWIFT_OPTIMIZATION_LEVEL = "-Onone";
				TARGETED_DEVICE_FAMILY = "1,2";
				VERSIONING_SYSTEM = "apple-generic";
				VERSION_INFO_PREFIX = "";
			};
			name = QADeployment;
		};
		20DC78691BFEA207004AF8C8 /* QADeployment */ = {
			isa = XCBuildConfiguration;
			buildSettings = {
				CLANG_ENABLE_MODULES = YES;
				DEFINES_MODULE = YES;
				DYLIB_COMPATIBILITY_VERSION = 1;
				DYLIB_CURRENT_VERSION = 1;
				DYLIB_INSTALL_NAME_BASE = "@rpath";
				FRAMEWORK_SEARCH_PATHS = "";
				INFOPLIST_FILE = THGDispatch/Info.plist;
				INSTALL_PATH = "$(LOCAL_LIBRARY_DIR)/Frameworks";
				IPHONEOS_DEPLOYMENT_TARGET = 8.0;
				LD_RUNPATH_SEARCH_PATHS = "$(inherited) @executable_path/Frameworks @loader_path/Frameworks";
				PRODUCT_BUNDLE_IDENTIFIER = "io.theholygrail.$(PRODUCT_NAME:rfc1034identifier)";
				PRODUCT_NAME = "$(TARGET_NAME)";
				SKIP_INSTALL = YES;
				SWIFT_OPTIMIZATION_LEVEL = "-Onone";
			};
			name = QADeployment;
		};
		20DC786A1BFEA207004AF8C8 /* QADeployment */ = {
			isa = XCBuildConfiguration;
			buildSettings = {
				CLANG_ENABLE_MODULES = YES;
				FRAMEWORK_SEARCH_PATHS = (
					"$(SDKROOT)/Developer/Library/Frameworks",
					"$(inherited)",
					"$(PROJECT_DIR)/Carthage/Build/iOS",
				);
				GCC_PREPROCESSOR_DEFINITIONS = (
					"DEBUG=1",
					"$(inherited)",
				);
				INFOPLIST_FILE = THGDispatchTests/Info.plist;
				LD_RUNPATH_SEARCH_PATHS = "$(inherited) @executable_path/Frameworks @loader_path/Frameworks";
				PRODUCT_BUNDLE_IDENTIFIER = "com.theholygrail.$(PRODUCT_NAME:rfc1034identifier)";
				PRODUCT_NAME = "$(TARGET_NAME)";
				SWIFT_OBJC_BRIDGING_HEADER = "THGDispatchTests/THGDispatchTests-Bridging-Header.h";
				SWIFT_OPTIMIZATION_LEVEL = "-Onone";
			};
			name = QADeployment;
		};
		CA0CEA7D1A8A877200DF93E9 /* Debug */ = {
			isa = XCBuildConfiguration;
			buildSettings = {
				ALWAYS_SEARCH_USER_PATHS = NO;
				CLANG_CXX_LANGUAGE_STANDARD = "gnu++0x";
				CLANG_CXX_LIBRARY = "libc++";
				CLANG_ENABLE_MODULES = YES;
				CLANG_ENABLE_OBJC_ARC = YES;
				CLANG_WARN_BOOL_CONVERSION = YES;
				CLANG_WARN_CONSTANT_CONVERSION = YES;
				CLANG_WARN_DIRECT_OBJC_ISA_USAGE = YES_ERROR;
				CLANG_WARN_EMPTY_BODY = YES;
				CLANG_WARN_ENUM_CONVERSION = YES;
				CLANG_WARN_INT_CONVERSION = YES;
				CLANG_WARN_OBJC_ROOT_CLASS = YES_ERROR;
				CLANG_WARN_UNREACHABLE_CODE = YES;
				CLANG_WARN__DUPLICATE_METHOD_MATCH = YES;
				"CODE_SIGN_IDENTITY[sdk=iphoneos*]" = "iPhone Developer";
				COPY_PHASE_STRIP = NO;
				CURRENT_PROJECT_VERSION = 1;
				DEBUG_INFORMATION_FORMAT = dwarf;
				ENABLE_STRICT_OBJC_MSGSEND = YES;
				ENABLE_TESTABILITY = YES;
				GCC_C_LANGUAGE_STANDARD = gnu99;
				GCC_DYNAMIC_NO_PIC = NO;
				GCC_OPTIMIZATION_LEVEL = 0;
				GCC_PREPROCESSOR_DEFINITIONS = (
					"DEBUG=1",
					"$(inherited)",
				);
				GCC_SYMBOLS_PRIVATE_EXTERN = NO;
				GCC_WARN_64_TO_32_BIT_CONVERSION = YES;
				GCC_WARN_ABOUT_RETURN_TYPE = YES_ERROR;
				GCC_WARN_UNDECLARED_SELECTOR = YES;
				GCC_WARN_UNINITIALIZED_AUTOS = YES_AGGRESSIVE;
				GCC_WARN_UNUSED_FUNCTION = YES;
				GCC_WARN_UNUSED_VARIABLE = YES;
				IPHONEOS_DEPLOYMENT_TARGET = 8.0;
				MTL_ENABLE_DEBUG_INFO = YES;
				ONLY_ACTIVE_ARCH = YES;
				SDKROOT = iphoneos;
				SWIFT_OPTIMIZATION_LEVEL = "-Onone";
				TARGETED_DEVICE_FAMILY = "1,2";
				VERSIONING_SYSTEM = "apple-generic";
				VERSION_INFO_PREFIX = "";
			};
			name = Debug;
		};
		CA0CEA7E1A8A877200DF93E9 /* Release */ = {
			isa = XCBuildConfiguration;
			buildSettings = {
				ALWAYS_SEARCH_USER_PATHS = NO;
				CLANG_CXX_LANGUAGE_STANDARD = "gnu++0x";
				CLANG_CXX_LIBRARY = "libc++";
				CLANG_ENABLE_MODULES = YES;
				CLANG_ENABLE_OBJC_ARC = YES;
				CLANG_WARN_BOOL_CONVERSION = YES;
				CLANG_WARN_CONSTANT_CONVERSION = YES;
				CLANG_WARN_DIRECT_OBJC_ISA_USAGE = YES_ERROR;
				CLANG_WARN_EMPTY_BODY = YES;
				CLANG_WARN_ENUM_CONVERSION = YES;
				CLANG_WARN_INT_CONVERSION = YES;
				CLANG_WARN_OBJC_ROOT_CLASS = YES_ERROR;
				CLANG_WARN_UNREACHABLE_CODE = YES;
				CLANG_WARN__DUPLICATE_METHOD_MATCH = YES;
				"CODE_SIGN_IDENTITY[sdk=iphoneos*]" = "iPhone Developer";
				COPY_PHASE_STRIP = NO;
				CURRENT_PROJECT_VERSION = 1;
				DEBUG_INFORMATION_FORMAT = "dwarf-with-dsym";
				ENABLE_NS_ASSERTIONS = NO;
				ENABLE_STRICT_OBJC_MSGSEND = YES;
				GCC_C_LANGUAGE_STANDARD = gnu99;
				GCC_WARN_64_TO_32_BIT_CONVERSION = YES;
				GCC_WARN_ABOUT_RETURN_TYPE = YES_ERROR;
				GCC_WARN_UNDECLARED_SELECTOR = YES;
				GCC_WARN_UNINITIALIZED_AUTOS = YES_AGGRESSIVE;
				GCC_WARN_UNUSED_FUNCTION = YES;
				GCC_WARN_UNUSED_VARIABLE = YES;
				IPHONEOS_DEPLOYMENT_TARGET = 8.0;
				MTL_ENABLE_DEBUG_INFO = NO;
				SDKROOT = iphoneos;
				TARGETED_DEVICE_FAMILY = "1,2";
				VALIDATE_PRODUCT = YES;
				VERSIONING_SYSTEM = "apple-generic";
				VERSION_INFO_PREFIX = "";
			};
			name = Release;
		};
		CA0CEA801A8A877200DF93E9 /* Debug */ = {
			isa = XCBuildConfiguration;
			buildSettings = {
				CLANG_ENABLE_MODULES = YES;
				DEFINES_MODULE = YES;
				DYLIB_COMPATIBILITY_VERSION = 1;
				DYLIB_CURRENT_VERSION = 1;
				DYLIB_INSTALL_NAME_BASE = "@rpath";
				FRAMEWORK_SEARCH_PATHS = "";
				INFOPLIST_FILE = THGDispatch/Info.plist;
				INSTALL_PATH = "$(LOCAL_LIBRARY_DIR)/Frameworks";
				IPHONEOS_DEPLOYMENT_TARGET = 8.0;
				LD_RUNPATH_SEARCH_PATHS = "$(inherited) @executable_path/Frameworks @loader_path/Frameworks";
				PRODUCT_BUNDLE_IDENTIFIER = "io.theholygrail.$(PRODUCT_NAME:rfc1034identifier)";
				PRODUCT_NAME = "$(TARGET_NAME)";
				SKIP_INSTALL = YES;
				SWIFT_OPTIMIZATION_LEVEL = "-Onone";
			};
			name = Debug;
		};
		CA0CEA811A8A877200DF93E9 /* Release */ = {
			isa = XCBuildConfiguration;
			buildSettings = {
				CLANG_ENABLE_MODULES = YES;
				DEFINES_MODULE = YES;
				DYLIB_COMPATIBILITY_VERSION = 1;
				DYLIB_CURRENT_VERSION = 1;
				DYLIB_INSTALL_NAME_BASE = "@rpath";
				FRAMEWORK_SEARCH_PATHS = "";
				INFOPLIST_FILE = THGDispatch/Info.plist;
				INSTALL_PATH = "$(LOCAL_LIBRARY_DIR)/Frameworks";
				IPHONEOS_DEPLOYMENT_TARGET = 8.0;
				LD_RUNPATH_SEARCH_PATHS = "$(inherited) @executable_path/Frameworks @loader_path/Frameworks";
				PRODUCT_BUNDLE_IDENTIFIER = "io.theholygrail.$(PRODUCT_NAME:rfc1034identifier)";
				PRODUCT_NAME = "$(TARGET_NAME)";
				SKIP_INSTALL = YES;
			};
			name = Release;
		};
		CA0CEA831A8A877200DF93E9 /* Debug */ = {
			isa = XCBuildConfiguration;
			buildSettings = {
				CLANG_ENABLE_MODULES = YES;
				FRAMEWORK_SEARCH_PATHS = (
					"$(SDKROOT)/Developer/Library/Frameworks",
					"$(inherited)",
					"$(PROJECT_DIR)/Carthage/Build/iOS",
				);
				GCC_PREPROCESSOR_DEFINITIONS = (
					"DEBUG=1",
					"$(inherited)",
				);
				INFOPLIST_FILE = THGDispatchTests/Info.plist;
				LD_RUNPATH_SEARCH_PATHS = "$(inherited) @executable_path/Frameworks @loader_path/Frameworks";
				PRODUCT_BUNDLE_IDENTIFIER = "com.theholygrail.$(PRODUCT_NAME:rfc1034identifier)";
				PRODUCT_NAME = "$(TARGET_NAME)";
				SWIFT_OBJC_BRIDGING_HEADER = "THGDispatchTests/THGDispatchTests-Bridging-Header.h";
				SWIFT_OPTIMIZATION_LEVEL = "-Onone";
			};
			name = Debug;
		};
		CA0CEA841A8A877200DF93E9 /* Release */ = {
			isa = XCBuildConfiguration;
			buildSettings = {
				CLANG_ENABLE_MODULES = YES;
				FRAMEWORK_SEARCH_PATHS = (
					"$(SDKROOT)/Developer/Library/Frameworks",
					"$(inherited)",
					"$(PROJECT_DIR)/Carthage/Build/iOS",
				);
				INFOPLIST_FILE = THGDispatchTests/Info.plist;
				LD_RUNPATH_SEARCH_PATHS = "$(inherited) @executable_path/Frameworks @loader_path/Frameworks";
				PRODUCT_BUNDLE_IDENTIFIER = "com.theholygrail.$(PRODUCT_NAME:rfc1034identifier)";
				PRODUCT_NAME = "$(TARGET_NAME)";
				SWIFT_OBJC_BRIDGING_HEADER = "THGDispatchTests/THGDispatchTests-Bridging-Header.h";
			};
			name = Release;
		};
/* End XCBuildConfiguration section */

/* Begin XCConfigurationList section */
		CA0CEA631A8A877200DF93E9 /* Build configuration list for PBXProject "THGDispatch" */ = {
			isa = XCConfigurationList;
			buildConfigurations = (
				CA0CEA7D1A8A877200DF93E9 /* Debug */,
				20DC78681BFEA207004AF8C8 /* QADeployment */,
				CA0CEA7E1A8A877200DF93E9 /* Release */,
			);
			defaultConfigurationIsVisible = 0;
			defaultConfigurationName = Release;
		};
		CA0CEA7F1A8A877200DF93E9 /* Build configuration list for PBXNativeTarget "THGDispatch" */ = {
			isa = XCConfigurationList;
			buildConfigurations = (
				CA0CEA801A8A877200DF93E9 /* Debug */,
				20DC78691BFEA207004AF8C8 /* QADeployment */,
				CA0CEA811A8A877200DF93E9 /* Release */,
			);
			defaultConfigurationIsVisible = 0;
			defaultConfigurationName = Release;
		};
		CA0CEA821A8A877200DF93E9 /* Build configuration list for PBXNativeTarget "THGDispatchTests" */ = {
			isa = XCConfigurationList;
			buildConfigurations = (
				CA0CEA831A8A877200DF93E9 /* Debug */,
				20DC786A1BFEA207004AF8C8 /* QADeployment */,
				CA0CEA841A8A877200DF93E9 /* Release */,
			);
			defaultConfigurationIsVisible = 0;
			defaultConfigurationName = Release;
		};
/* End XCConfigurationList section */
	};
	rootObject = CA0CEA601A8A877200DF93E9 /* Project object */;
}
